<?xml version="1.0" encoding="utf-8"?>
<Project ToolsVersion="4.0" xmlns="http://schemas.microsoft.com/developer/msbuild/2003">
  <ItemGroup>
    <Filter Include="BugsBunny">
      <UniqueIdentifier>{E20524FE-4E70-D874-97AE-891A0358B6C9}</UniqueIdentifier>
    </Filter>
    <Filter Include="BugsBunny\Events">
      <UniqueIdentifier>{86FF5FD4-72F8-7E26-9B2A-64AB87825E32}</UniqueIdentifier>
    </Filter>
  </ItemGroup>
  <ItemGroup>
    <ClInclude Include="src\BugsBunny.h" />
    <ClInclude Include="src\BugsBunny\Application.h">
      <Filter>BugsBunny</Filter>
    </ClInclude>
    <ClInclude Include="src\BugsBunny\Core.h">
      <Filter>BugsBunny</Filter>
    </ClInclude>
    <ClInclude Include="src\BugsBunny\EntryPoint.h">
      <Filter>BugsBunny</Filter>
    </ClInclude>
    <ClInclude Include="src\BugsBunny\Events\ApplicationEvent.h">
      <Filter>BugsBunny\Events</Filter>
    </ClInclude>
    <ClInclude Include="src\BugsBunny\Events\Event.h">
      <Filter>BugsBunny\Events</Filter>
    </ClInclude>
    <ClInclude Include="src\BugsBunny\Events\KeyEvent.h">
      <Filter>BugsBunny\Events</Filter>
    </ClInclude>
    <ClInclude Include="src\BugsBunny\Events\MouseEvent.h">
      <Filter>BugsBunny\Events</Filter>
    </ClInclude>
    <ClInclude Include="src\BugsBunny\Log.h">
      <Filter>BugsBunny</Filter>
    </ClInclude>
    <ClInclude Include="src\bbpch.h" />
  </ItemGroup>
  <ItemGroup>
    <ClCompile Include="src\BugsBunny\Application.cpp">
      <Filter>BugsBunny</Filter>
    </ClCompile>
    <ClCompile Include="src\BugsBunny\Log.cpp">
      <Filter>BugsBunny</Filter>
    </ClCompile>
    <ClCompile Include="src\bbpch.cpp" />
  </ItemGroup>
</Project>